<Solution>
  <Project Path="Backend/Backend.Api/Backend.Api.csproj" />
  <Project Path="Backend/Backend.Application/Backend.Application.csproj" />
  <Project Path="Backend/Backend.Domain/Backend.Domain.csproj" />
  <Project Path="Backend/Backend.Infrastructure/Backend.Infrastructure.csproj" />
  <Project Path="Backend/tests/Backend.UnitTests/Backend.UnitTests.csproj" />
  <Project Path="Backend/tests/Backend.IntegrationTests/Backend.IntegrationTests.csproj" />
</Solution>
